<?xml version="1.0" encoding="utf-8"?>
<Project ToolsVersion="15.0" xmlns="http://schemas.microsoft.com/developer/msbuild/2003">
  <ItemGroup>
    <Filter Include="Resources">
      <UniqueIdentifier>accd3aa8-1ba0-4223-9bbe-0c431709210b</UniqueIdentifier>
      <Extensions>rc;ico;cur;bmp;dlg;rc2;rct;bin;rgs;gif;jpg;jpeg;jpe;resx;tga;tiff;tif;png;wav;mfcribbon-ms</Extensions>
    </Filter>
    <Filter Include="Generated Files">
      <UniqueIdentifier>{926ab91d-31b4-48c3-b9a4-e681349f27f0}</UniqueIdentifier>
    </Filter>
  </ItemGroup>
  <ItemGroup>
    <ClCompile Include="pch.cpp" />
    <ClCompile Include="Class.cpp" />
    <ClCompile Include="$(GeneratedFilesDir)module.g.cpp" />
    <ClCompile Include="..\common\asio.cpp">
      <Filter>Resources</Filter>
    </ClCompile>
    <ClCompile Include="..\common\asiodrvr.cpp">
      <Filter>Resources</Filter>
    </ClCompile>
    <ClCompile Include="..\common\combase.cpp">
      <Filter>Resources</Filter>
    </ClCompile>
    <ClCompile Include="..\common\debugmessage.cpp">
      <Filter>Resources</Filter>
    </ClCompile>
    <ClCompile Include="..\common\dllentry.cpp">
      <Filter>Resources</Filter>
    </ClCompile>
    <ClCompile Include="..\common\register.cpp">
      <Filter>Resources</Filter>
    </ClCompile>
    <ClCompile Include="..\host\ASIOConvertSamples.cpp" />
    <ClCompile Include="..\host\asiodrivers.cpp" />
    <ClCompile Include="..\host\pc\asiolist.cpp" />
    <ClCompile Include="..\driver\asiosample\asiosmpl.cpp" />
    <ClCompile Include="..\driver\asiosample\wintimer.cpp" />
  </ItemGroup>
  <ItemGroup>
    <ClInclude Include="pch.h" />
    <ClInclude Include="resource.h" />
    <ClInclude Include="..\common\asio.h">
      <Filter>Resources</Filter>
    </ClInclude>
    <ClInclude Include="..\common\asiodrvr.h">
      <Filter>Resources</Filter>
    </ClInclude>
    <ClInclude Include="..\common\asiosys.h">
      <Filter>Resources</Filter>
    </ClInclude>
    <ClInclude Include="..\common\combase.h">
      <Filter>Resources</Filter>
    </ClInclude>
    <ClInclude Include="..\common\iasiodrv.h">
      <Filter>Resources</Filter>
    </ClInclude>
    <ClInclude Include="..\common\wxdebug.h">
      <Filter>Resources</Filter>
    </ClInclude>
    <ClInclude Include="..\host\ASIOConvertSamples.h" />
    <ClInclude Include="..\host\asiodrivers.h" />
    <ClInclude Include="..\host\ginclude.h" />
    <ClInclude Include="..\host\pc\asiolist.h" />
    <ClInclude Include="..\driver\asiosample\asiosmpl.h" />
  </ItemGroup>
  <ItemGroup>
    <Midl Include="Class.idl" />
  </ItemGroup>
  <ItemGroup>
    <None Include="PropertySheet.props" />
    <None Include="packages.config" />
    <None Include="..\driver\asiosample\asiosample.def" />
  </ItemGroup>
  <ItemGroup>
    <Text Include="readme.txt" />
    <Text Include="..\driver\asiosample\asiosample.txt" />
  </ItemGroup>
  <ItemGroup>
    <ResourceCompile Include="AsioSDK.rc">
      <Filter>Resources</Filter>
    </ResourceCompile>
  </ItemGroup>
</Project>